// !$*UTF8*$!
{
	archiveVersion = 1;
	classes = {
	};
	objectVersion = 56;
	objects = {

/* Begin PBXBuildFile section */
		A10000010000000000000001 /* SendMoiApp.swift in Sources */ = {isa = PBXBuildFile; fileRef = A20000010000000000000001 /* SendMoiApp.swift */; };
		A10000010000000000000002 /* ContentView.swift in Sources */ = {isa = PBXBuildFile; fileRef = A20000010000000000000002 /* ContentView.swift */; };
		A10000010000000000000003 /* AppModel.swift in Sources */ = {isa = PBXBuildFile; fileRef = A20000010000000000000003 /* AppModel.swift */; };
		A10000010000000000000004 /* Models.swift in Sources */ = {isa = PBXBuildFile; fileRef = A20000010000000000000004 /* Models.swift */; };
		A10000010000000000000005 /* GmailAPIClient.swift in Sources */ = {isa = PBXBuildFile; fileRef = A20000010000000000000005 /* GmailAPIClient.swift */; };
		A10000010000000000000006 /* GoogleOAuthConfig.swift in Sources */ = {isa = PBXBuildFile; fileRef = A20000010000000000000006 /* GoogleOAuthConfig.swift */; };
		A10000010000000000000007 /* KeychainStore.swift in Sources */ = {isa = PBXBuildFile; fileRef = A20000010000000000000007 /* KeychainStore.swift */; };
		A10000010000000000000008 /* QueueStore.swift in Sources */ = {isa = PBXBuildFile; fileRef = A20000010000000000000008 /* QueueStore.swift */; };
		A10000010000000000000009 /* RecipientStore.swift in Sources */ = {isa = PBXBuildFile; fileRef = A20000010000000000000009 /* RecipientStore.swift */; };
		A1000001000000000000000A /* NetworkMonitor.swift in Sources */ = {isa = PBXBuildFile; fileRef = A2000001000000000000000A /* NetworkMonitor.swift */; };
		A1000001000000000000000B /* SharedContainer.swift in Sources */ = {isa = PBXBuildFile; fileRef = A2000001000000000000000C /* SharedContainer.swift */; };
		A1000001000000000000000C /* SendMoiShare.appex in Embed App Extensions */ = {isa = PBXBuildFile; fileRef = A2000001000000000000000D /* SendMoiShare.appex */; settings = {ATTRIBUTES = (RemoveHeadersOnCopy, ); }; };
		A1000001000000000000000D /* GmailShared.swift in Sources */ = {isa = PBXBuildFile; fileRef = A2000001000000000000000F /* GmailShared.swift */; };
		A1000001000000000000000E /* SharedSessionStore.swift in Sources */ = {isa = PBXBuildFile; fileRef = A20000010000000000000010 /* SharedSessionStore.swift */; };
		A1000001000000000000000F /* GmailDeliveryService.swift in Sources */ = {isa = PBXBuildFile; fileRef = A20000010000000000000011 /* GmailDeliveryService.swift */; };
		A10000010000000000000010 /* Assets.xcassets in Resources */ = {isa = PBXBuildFile; fileRef = A20000010000000000000013 /* Assets.xcassets */; };
		B10000010000000000000001 /* Models.swift in Sources */ = {isa = PBXBuildFile; fileRef = A20000010000000000000004 /* Models.swift */; };
		B10000010000000000000002 /* QueueStore.swift in Sources */ = {isa = PBXBuildFile; fileRef = A20000010000000000000008 /* QueueStore.swift */; };
		B10000010000000000000003 /* RecipientStore.swift in Sources */ = {isa = PBXBuildFile; fileRef = A20000010000000000000009 /* RecipientStore.swift */; };
		B10000010000000000000004 /* SharedContainer.swift in Sources */ = {isa = PBXBuildFile; fileRef = A2000001000000000000000C /* SharedContainer.swift */; };
		B10000010000000000000005 /* ShareExtensionModel.swift in Sources */ = {isa = PBXBuildFile; fileRef = B20000010000000000000001 /* ShareExtensionModel.swift */; };
		B10000010000000000000006 /* ShareView.swift in Sources */ = {isa = PBXBuildFile; fileRef = B20000010000000000000002 /* ShareView.swift */; };
		B10000010000000000000007 /* ShareViewController.swift in Sources */ = {isa = PBXBuildFile; fileRef = B20000010000000000000003 /* ShareViewController.swift */; };
		B10000010000000000000008 /* GoogleOAuthConfig.swift in Sources */ = {isa = PBXBuildFile; fileRef = A20000010000000000000006 /* GoogleOAuthConfig.swift */; };
		B10000010000000000000009 /* GmailShared.swift in Sources */ = {isa = PBXBuildFile; fileRef = A2000001000000000000000F /* GmailShared.swift */; };
		B1000001000000000000000A /* SharedSessionStore.swift in Sources */ = {isa = PBXBuildFile; fileRef = A20000010000000000000010 /* SharedSessionStore.swift */; };
		B1000001000000000000000B /* GmailDeliveryService.swift in Sources */ = {isa = PBXBuildFile; fileRef = A20000010000000000000011 /* GmailDeliveryService.swift */; };
		B1000001000000000000000C /* SafariPreprocessor.js in Resources */ = {isa = PBXBuildFile; fileRef = B20000010000000000000006 /* SafariPreprocessor.js */; };
		DC6FF07B2F55D5CB00415EAC /* AppIcon.icon in Resources */ = {isa = PBXBuildFile; fileRef = DC6FF07A2F55D5CB00415EAC /* AppIcon.icon */; };
		DC6FF07D2F55D5CB00415EAC /* Resources/sendmoi-demo-hero.mp4 in Resources */ = {isa = PBXBuildFile; fileRef = DC6FF07C2F55D5CB00415EAC /* Resources/sendmoi-demo-hero.mp4 */; };
/* End PBXBuildFile section */

/* Begin PBXContainerItemProxy section */
		B30000010000000000000001 /* PBXContainerItemProxy */ = {
			isa = PBXContainerItemProxy;
			containerPortal = A60000010000000000000001 /* Project object */;
			proxyType = 1;
			remoteGlobalIDString = B50000010000000000000001;
			remoteInfo = SendMoiShare;
		};
/* End PBXContainerItemProxy section */

/* Begin PBXCopyFilesBuildPhase section */
		B40000010000000000000001 /* Embed App Extensions */ = {
			isa = PBXCopyFilesBuildPhase;
			buildActionMask = 2147483647;
			dstPath = "";
			dstSubfolderSpec = 13;
			files = (
				A1000001000000000000000C /* SendMoiShare.appex in Embed App Extensions */,
			);
			name = "Embed App Extensions";
			runOnlyForDeploymentPostprocessing = 0;
		};
/* End PBXCopyFilesBuildPhase section */

/* Begin PBXFileReference section */
		A20000010000000000000000 /* SendMoi.app */ = {isa = PBXFileReference; explicitFileType = wrapper.application; includeInIndex = 0; path = SendMoi.app; sourceTree = BUILT_PRODUCTS_DIR; };
		A20000010000000000000001 /* SendMoiApp.swift */ = {isa = PBXFileReference; lastKnownFileType = sourcecode.swift; path = SendMoiApp.swift; sourceTree = "<group>"; };
		A20000010000000000000002 /* ContentView.swift */ = {isa = PBXFileReference; lastKnownFileType = sourcecode.swift; path = ContentView.swift; sourceTree = "<group>"; };
		A20000010000000000000003 /* AppModel.swift */ = {isa = PBXFileReference; lastKnownFileType = sourcecode.swift; path = AppModel.swift; sourceTree = "<group>"; };
		A20000010000000000000004 /* Models.swift */ = {isa = PBXFileReference; lastKnownFileType = sourcecode.swift; path = Models.swift; sourceTree = "<group>"; };
		A20000010000000000000005 /* GmailAPIClient.swift */ = {isa = PBXFileReference; lastKnownFileType = sourcecode.swift; path = GmailAPIClient.swift; sourceTree = "<group>"; };
		A20000010000000000000006 /* GoogleOAuthConfig.swift */ = {isa = PBXFileReference; lastKnownFileType = sourcecode.swift; path = GoogleOAuthConfig.swift; sourceTree = "<group>"; };
		A20000010000000000000007 /* KeychainStore.swift */ = {isa = PBXFileReference; lastKnownFileType = sourcecode.swift; path = KeychainStore.swift; sourceTree = "<group>"; };
		A20000010000000000000008 /* QueueStore.swift */ = {isa = PBXFileReference; lastKnownFileType = sourcecode.swift; path = QueueStore.swift; sourceTree = "<group>"; };
		A20000010000000000000009 /* RecipientStore.swift */ = {isa = PBXFileReference; lastKnownFileType = sourcecode.swift; path = RecipientStore.swift; sourceTree = "<group>"; };
		A2000001000000000000000A /* NetworkMonitor.swift */ = {isa = PBXFileReference; lastKnownFileType = sourcecode.swift; path = NetworkMonitor.swift; sourceTree = "<group>"; };
		A2000001000000000000000B /* Info.plist */ = {isa = PBXFileReference; lastKnownFileType = text.plist.xml; path = Info.plist; sourceTree = "<group>"; };
		A2000001000000000000000C /* SharedContainer.swift */ = {isa = PBXFileReference; lastKnownFileType = sourcecode.swift; path = SharedContainer.swift; sourceTree = "<group>"; };
		A2000001000000000000000D /* SendMoiShare.appex */ = {isa = PBXFileReference; explicitFileType = "wrapper.app-extension"; includeInIndex = 0; path = SendMoiShare.appex; sourceTree = BUILT_PRODUCTS_DIR; };
		A2000001000000000000000E /* SendMoi.entitlements */ = {isa = PBXFileReference; lastKnownFileType = text.plist.entitlements; path = SendMoi.entitlements; sourceTree = "<group>"; };
		A2000001000000000000000F /* GmailShared.swift */ = {isa = PBXFileReference; lastKnownFileType = sourcecode.swift; path = GmailShared.swift; sourceTree = "<group>"; };
		A20000010000000000000010 /* SharedSessionStore.swift */ = {isa = PBXFileReference; lastKnownFileType = sourcecode.swift; path = SharedSessionStore.swift; sourceTree = "<group>"; };
		A20000010000000000000011 /* GmailDeliveryService.swift */ = {isa = PBXFileReference; lastKnownFileType = sourcecode.swift; path = GmailDeliveryService.swift; sourceTree = "<group>"; };
		A20000010000000000000012 /* SendMoi-macOS.entitlements */ = {isa = PBXFileReference; lastKnownFileType = text.plist.entitlements; path = "SendMoi-macOS.entitlements"; sourceTree = "<group>"; };
		A20000010000000000000013 /* Assets.xcassets */ = {isa = PBXFileReference; lastKnownFileType = folder.assetcatalog; path = Assets.xcassets; sourceTree = "<group>"; };
		B20000010000000000000001 /* ShareExtensionModel.swift */ = {isa = PBXFileReference; lastKnownFileType = sourcecode.swift; path = ShareExtensionModel.swift; sourceTree = "<group>"; };
		B20000010000000000000002 /* ShareView.swift */ = {isa = PBXFileReference; lastKnownFileType = sourcecode.swift; path = ShareView.swift; sourceTree = "<group>"; };
		B20000010000000000000003 /* ShareViewController.swift */ = {isa = PBXFileReference; lastKnownFileType = sourcecode.swift; path = ShareViewController.swift; sourceTree = "<group>"; };
		B20000010000000000000004 /* Info.plist */ = {isa = PBXFileReference; lastKnownFileType = text.plist.xml; path = Info.plist; sourceTree = "<group>"; };
		B20000010000000000000005 /* SendMoiShare.entitlements */ = {isa = PBXFileReference; lastKnownFileType = text.plist.entitlements; path = SendMoiShare.entitlements; sourceTree = "<group>"; };
		B20000010000000000000006 /* SafariPreprocessor.js */ = {isa = PBXFileReference; lastKnownFileType = sourcecode.javascript; path = SafariPreprocessor.js; sourceTree = "<group>"; };
		B20000010000000000000007 /* SendMoiShare-macOS.entitlements */ = {isa = PBXFileReference; lastKnownFileType = text.plist.entitlements; path = "SendMoiShare-macOS.entitlements"; sourceTree = "<group>"; };
		DC6FF07A2F55D5CB00415EAC /* AppIcon.icon */ = {isa = PBXFileReference; lastKnownFileType = folder.iconcomposer.icon; path = AppIcon.icon; sourceTree = "<group>"; };
		DC6FF07C2F55D5CB00415EAC /* Resources/sendmoi-demo-hero.mp4 */ = {isa = PBXFileReference; lastKnownFileType = file; path = "Resources/sendmoi-demo-hero.mp4"; sourceTree = "<group>"; };
/* End PBXFileReference section */

/* Begin PBXFrameworksBuildPhase section */
		A30000010000000000000001 /* Frameworks */ = {
			isa = PBXFrameworksBuildPhase;
			buildActionMask = 2147483647;
			files = (
			);
			runOnlyForDeploymentPostprocessing = 0;
		};
		B60000010000000000000001 /* Frameworks */ = {
			isa = PBXFrameworksBuildPhase;
			buildActionMask = 2147483647;
			files = (
			);
			runOnlyForDeploymentPostprocessing = 0;
		};
/* End PBXFrameworksBuildPhase section */

/* Begin PBXGroup section */
		A40000010000000000000001 = {
			isa = PBXGroup;
			children = (
				A40000010000000000000002 /* SendMoi */,
				B40000010000000000000002 /* SendMoiShare */,
				A40000010000000000000003 /* Products */,
			);
			sourceTree = "<group>";
		};
		A40000010000000000000002 /* SendMoi */ = {
			isa = PBXGroup;
			children = (
				A2000001000000000000000B /* Info.plist */,
				A2000001000000000000000E /* SendMoi.entitlements */,
				A20000010000000000000012 /* SendMoi-macOS.entitlements */,
				A20000010000000000000013 /* Assets.xcassets */,
				DC6FF07A2F55D5CB00415EAC /* AppIcon.icon */,
				DC6FF07C2F55D5CB00415EAC /* Resources/sendmoi-demo-hero.mp4 */,
				A20000010000000000000001 /* SendMoiApp.swift */,
				A20000010000000000000002 /* ContentView.swift */,
				A20000010000000000000003 /* AppModel.swift */,
				A20000010000000000000004 /* Models.swift */,
				A40000010000000000000004 /* Services */,
			);
			path = SendMoi;
			sourceTree = "<group>";
		};
		A40000010000000000000003 /* Products */ = {
			isa = PBXGroup;
			children = (
				A20000010000000000000000 /* SendMoi.app */,
				A2000001000000000000000D /* SendMoiShare.appex */,
			);
			name = Products;
			sourceTree = "<group>";
		};
		A40000010000000000000004 /* Services */ = {
			isa = PBXGroup;
			children = (
				A20000010000000000000005 /* GmailAPIClient.swift */,
				A20000010000000000000006 /* GoogleOAuthConfig.swift */,
				A20000010000000000000007 /* KeychainStore.swift */,
				A20000010000000000000008 /* QueueStore.swift */,
				A20000010000000000000009 /* RecipientStore.swift */,
				A2000001000000000000000A /* NetworkMonitor.swift */,
				A2000001000000000000000C /* SharedContainer.swift */,
				A2000001000000000000000F /* GmailShared.swift */,
				A20000010000000000000010 /* SharedSessionStore.swift */,
				A20000010000000000000011 /* GmailDeliveryService.swift */,
			);
			path = Services;
			sourceTree = "<group>";
		};
		B40000010000000000000002 /* SendMoiShare */ = {
			isa = PBXGroup;
			children = (
				B20000010000000000000004 /* Info.plist */,
				B20000010000000000000005 /* SendMoiShare.entitlements */,
				B20000010000000000000007 /* SendMoiShare-macOS.entitlements */,
				B20000010000000000000006 /* SafariPreprocessor.js */,
				B20000010000000000000001 /* ShareExtensionModel.swift */,
				B20000010000000000000002 /* ShareView.swift */,
				B20000010000000000000003 /* ShareViewController.swift */,
			);
			path = SendMoiShare;
			sourceTree = "<group>";
		};
/* End PBXGroup section */

/* Begin PBXNativeTarget section */
		A50000010000000000000001 /* SendMoi */ = {
			isa = PBXNativeTarget;
			buildConfigurationList = A80000010000000000000003 /* Build configuration list for PBXNativeTarget "SendMoi" */;
			buildPhases = (
				A30000010000000000000002 /* Sources */,
				A30000010000000000000001 /* Frameworks */,
				A30000010000000000000003 /* Resources */,
				B40000010000000000000001 /* Embed App Extensions */,
			);
			buildRules = (
			);
			dependencies = (
				B70000010000000000000001 /* PBXTargetDependency */,
			);
			name = SendMoi;
			productName = SendMoi;
			productReference = A20000010000000000000000 /* SendMoi.app */;
			productType = "com.apple.product-type.application";
		};
		B50000010000000000000001 /* SendMoiShare */ = {
			isa = PBXNativeTarget;
			buildConfigurationList = B90000010000000000000001 /* Build configuration list for PBXNativeTarget "SendMoiShare" */;
			buildPhases = (
				B80000010000000000000001 /* Sources */,
				B60000010000000000000001 /* Frameworks */,
				B80000010000000000000002 /* Resources */,
			);
			buildRules = (
			);
			dependencies = (
			);
			name = SendMoiShare;
			productName = SendMoiShare;
			productReference = A2000001000000000000000D /* SendMoiShare.appex */;
			productType = "com.apple.product-type.app-extension";
		};
/* End PBXNativeTarget section */

/* Begin PBXProject section */
		A60000010000000000000001 /* Project object */ = {
			isa = PBXProject;
			attributes = {
				BuildIndependentTargetsInParallel = 1;
				LastSwiftUpdateCheck = 2600;
				LastUpgradeCheck = 2630;
				TargetAttributes = {
					A50000010000000000000001 = {
						CreatedOnToolsVersion = 26.0;
					};
				};
			};
			buildConfigurationList = A80000010000000000000001 /* Build configuration list for PBXProject "SendMoi" */;
			compatibilityVersion = "Xcode 14.0";
			developmentRegion = en;
			hasScannedForEncodings = 0;
			knownRegions = (
				en,
				Base,
			);
			mainGroup = A40000010000000000000001;
			productRefGroup = A40000010000000000000003 /* Products */;
			projectDirPath = "";
			projectRoot = "";
			targets = (
				A50000010000000000000001 /* SendMoi */,
				B50000010000000000000001 /* SendMoiShare */,
			);
		};
/* End PBXProject section */

/* Begin PBXResourcesBuildPhase section */
		A30000010000000000000003 /* Resources */ = {
			isa = PBXResourcesBuildPhase;
			buildActionMask = 2147483647;
			files = (
				A10000010000000000000010 /* Assets.xcassets in Resources */,
				DC6FF07B2F55D5CB00415EAC /* AppIcon.icon in Resources */,
				DC6FF07D2F55D5CB00415EAC /* Resources/sendmoi-demo-hero.mp4 in Resources */,
			);
			runOnlyForDeploymentPostprocessing = 0;
		};
		B80000010000000000000002 /* Resources */ = {
			isa = PBXResourcesBuildPhase;
			buildActionMask = 2147483647;
			files = (
				B1000001000000000000000C /* SafariPreprocessor.js in Resources */,
			);
			runOnlyForDeploymentPostprocessing = 0;
		};
/* End PBXResourcesBuildPhase section */

/* Begin PBXSourcesBuildPhase section */
		A30000010000000000000002 /* Sources */ = {
			isa = PBXSourcesBuildPhase;
			buildActionMask = 2147483647;
			files = (
				A10000010000000000000001 /* SendMoiApp.swift in Sources */,
				A10000010000000000000002 /* ContentView.swift in Sources */,
				A10000010000000000000003 /* AppModel.swift in Sources */,
				A10000010000000000000004 /* Models.swift in Sources */,
				A10000010000000000000005 /* GmailAPIClient.swift in Sources */,
				A10000010000000000000006 /* GoogleOAuthConfig.swift in Sources */,
				A10000010000000000000007 /* KeychainStore.swift in Sources */,
				A10000010000000000000008 /* QueueStore.swift in Sources */,
				A10000010000000000000009 /* RecipientStore.swift in Sources */,
				A1000001000000000000000A /* NetworkMonitor.swift in Sources */,
				A1000001000000000000000B /* SharedContainer.swift in Sources */,
				A1000001000000000000000D /* GmailShared.swift in Sources */,
				A1000001000000000000000E /* SharedSessionStore.swift in Sources */,
				A1000001000000000000000F /* GmailDeliveryService.swift in Sources */,
			);
			runOnlyForDeploymentPostprocessing = 0;
		};
		B80000010000000000000001 /* Sources */ = {
			isa = PBXSourcesBuildPhase;
			buildActionMask = 2147483647;
			files = (
				B10000010000000000000001 /* Models.swift in Sources */,
				B10000010000000000000002 /* QueueStore.swift in Sources */,
				B10000010000000000000003 /* RecipientStore.swift in Sources */,
				B10000010000000000000004 /* SharedContainer.swift in Sources */,
				B10000010000000000000005 /* ShareExtensionModel.swift in Sources */,
				B10000010000000000000006 /* ShareView.swift in Sources */,
				B10000010000000000000007 /* ShareViewController.swift in Sources */,
				B10000010000000000000008 /* GoogleOAuthConfig.swift in Sources */,
				B10000010000000000000009 /* GmailShared.swift in Sources */,
				B1000001000000000000000A /* SharedSessionStore.swift in Sources */,
				B1000001000000000000000B /* GmailDeliveryService.swift in Sources */,
			);
			runOnlyForDeploymentPostprocessing = 0;
		};
/* End PBXSourcesBuildPhase section */

/* Begin PBXTargetDependency section */
		B70000010000000000000001 /* PBXTargetDependency */ = {
			isa = PBXTargetDependency;
			target = B50000010000000000000001 /* SendMoiShare */;
			targetProxy = B30000010000000000000001 /* PBXContainerItemProxy */;
		};
/* End PBXTargetDependency section */

/* Begin XCBuildConfiguration section */
		A70000010000000000000001 /* Debug */ = {
			isa = XCBuildConfiguration;
			buildSettings = {
				ALWAYS_SEARCH_USER_PATHS = NO;
				ASSETCATALOG_COMPILER_GENERATE_SWIFT_ASSET_SYMBOL_EXTENSIONS = YES;
				CLANG_ENABLE_MODULES = YES;
				CLANG_WARN_BLOCK_CAPTURE_AUTORELEASING = YES;
				CLANG_WARN_BOOL_CONVERSION = YES;
				CLANG_WARN_COMMA = YES;
				CLANG_WARN_CONSTANT_CONVERSION = YES;
				CLANG_WARN_DEPRECATED_OBJC_IMPLEMENTATIONS = YES;
				CLANG_WARN_EMPTY_BODY = YES;
				CLANG_WARN_ENUM_CONVERSION = YES;
				CLANG_WARN_INFINITE_RECURSION = YES;
				CLANG_WARN_INT_CONVERSION = YES;
				CLANG_WARN_NON_LITERAL_NULL_CONVERSION = YES;
				CLANG_WARN_OBJC_IMPLICIT_RETAIN_SELF = YES;
				CLANG_WARN_OBJC_LITERAL_CONVERSION = YES;
				CLANG_WARN_QUOTED_INCLUDE_IN_FRAMEWORK_HEADER = YES;
				CLANG_WARN_RANGE_LOOP_ANALYSIS = YES;
				CLANG_WARN_STRICT_PROTOTYPES = YES;
				CLANG_WARN_SUSPICIOUS_MOVE = YES;
				CLANG_WARN_UNREACHABLE_CODE = YES;
				CLANG_WARN__DUPLICATE_METHOD_MATCH = YES;
				COPY_PHASE_STRIP = NO;
				DEAD_CODE_STRIPPING = YES;
				DEBUG_INFORMATION_FORMAT = dwarf;
				DEVELOPMENT_TEAM = 289GY9L343;
				ENABLE_STRICT_OBJC_MSGSEND = YES;
				ENABLE_TESTABILITY = YES;
				ENABLE_USER_SCRIPT_SANDBOXING = YES;
				GCC_C_LANGUAGE_STANDARD = gnu17;
				GCC_NO_COMMON_BLOCKS = YES;
				GCC_WARN_64_TO_32_BIT_CONVERSION = YES;
				GCC_WARN_ABOUT_RETURN_TYPE = YES_ERROR;
				GCC_WARN_UNDECLARED_SELECTOR = YES;
				GCC_WARN_UNINITIALIZED_AUTOS = YES_AGGRESSIVE;
				GCC_WARN_UNUSED_FUNCTION = YES;
				GCC_WARN_UNUSED_VARIABLE = YES;
				MACOSX_DEPLOYMENT_TARGET = 26.0;
				ONLY_ACTIVE_ARCH = YES;
				SDKROOT = auto;
				STRING_CATALOG_GENERATE_SYMBOLS = YES;
				SWIFT_VERSION = 5.0;
			};
			name = Debug;
		};
		A70000010000000000000002 /* Release */ = {
			isa = XCBuildConfiguration;
			buildSettings = {
				ALWAYS_SEARCH_USER_PATHS = NO;
				ASSETCATALOG_COMPILER_GENERATE_SWIFT_ASSET_SYMBOL_EXTENSIONS = YES;
				CLANG_ENABLE_MODULES = YES;
				CLANG_WARN_BLOCK_CAPTURE_AUTORELEASING = YES;
				CLANG_WARN_BOOL_CONVERSION = YES;
				CLANG_WARN_COMMA = YES;
				CLANG_WARN_CONSTANT_CONVERSION = YES;
				CLANG_WARN_DEPRECATED_OBJC_IMPLEMENTATIONS = YES;
				CLANG_WARN_EMPTY_BODY = YES;
				CLANG_WARN_ENUM_CONVERSION = YES;
				CLANG_WARN_INFINITE_RECURSION = YES;
				CLANG_WARN_INT_CONVERSION = YES;
				CLANG_WARN_NON_LITERAL_NULL_CONVERSION = YES;
				CLANG_WARN_OBJC_IMPLICIT_RETAIN_SELF = YES;
				CLANG_WARN_OBJC_LITERAL_CONVERSION = YES;
				CLANG_WARN_QUOTED_INCLUDE_IN_FRAMEWORK_HEADER = YES;
				CLANG_WARN_RANGE_LOOP_ANALYSIS = YES;
				CLANG_WARN_STRICT_PROTOTYPES = YES;
				CLANG_WARN_SUSPICIOUS_MOVE = YES;
				CLANG_WARN_UNREACHABLE_CODE = YES;
				CLANG_WARN__DUPLICATE_METHOD_MATCH = YES;
				COPY_PHASE_STRIP = NO;
				DEAD_CODE_STRIPPING = YES;
				DEBUG_INFORMATION_FORMAT = "dwarf-with-dsym";
				DEVELOPMENT_TEAM = 289GY9L343;
				ENABLE_NS_ASSERTIONS = NO;
				ENABLE_STRICT_OBJC_MSGSEND = YES;
				ENABLE_USER_SCRIPT_SANDBOXING = YES;
				GCC_C_LANGUAGE_STANDARD = gnu17;
				GCC_NO_COMMON_BLOCKS = YES;
				GCC_WARN_64_TO_32_BIT_CONVERSION = YES;
				GCC_WARN_ABOUT_RETURN_TYPE = YES_ERROR;
				GCC_WARN_UNDECLARED_SELECTOR = YES;
				GCC_WARN_UNINITIALIZED_AUTOS = YES_AGGRESSIVE;
				GCC_WARN_UNUSED_FUNCTION = YES;
				GCC_WARN_UNUSED_VARIABLE = YES;
				MACOSX_DEPLOYMENT_TARGET = 26.0;
				SDKROOT = auto;
				STRING_CATALOG_GENERATE_SYMBOLS = YES;
				SWIFT_COMPILATION_MODE = wholemodule;
				SWIFT_VERSION = 5.0;
			};
			name = Release;
		};
		A70000010000000000000003 /* Debug */ = {
			isa = XCBuildConfiguration;
			buildSettings = {
				ASSETCATALOG_COMPILER_APPICON_NAME = AppIcon;
				CLANG_ENABLE_OBJC_WEAK = YES;
				CODE_SIGN_ENTITLEMENTS = SendMoi/SendMoi.entitlements;
				"CODE_SIGN_ENTITLEMENTS[sdk=macosx*]" = "SendMoi/SendMoi-macOS.entitlements";
				CODE_SIGN_STYLE = Automatic;
				CURRENT_PROJECT_VERSION = 6;
				DEAD_CODE_STRIPPING = YES;
				DEVELOPMENT_TEAM = 289GY9L343;
				GENERATE_INFOPLIST_FILE = NO;
				INFOPLIST_FILE = SendMoi/Info.plist;
				IPHONEOS_DEPLOYMENT_TARGET = 18.0;
				LD_RUNPATH_SEARCH_PATHS = (
					"$(inherited)",
					"@executable_path/Frameworks",
				);
				MACOSX_DEPLOYMENT_TARGET = 26.0;
				MARKETING_VERSION = 0.3;
				PRODUCT_BUNDLE_IDENTIFIER = com.niederme.SendMoi;
				PRODUCT_NAME = "$(TARGET_NAME)";
				SUPPORTED_PLATFORMS = "iphoneos iphonesimulator macosx";
				SWIFT_EMIT_LOC_STRINGS = YES;
				SWIFT_VERSION = 5.0;
				TARGETED_DEVICE_FAMILY = "1,2";
			};
			name = Debug;
		};
		A70000010000000000000004 /* Release */ = {
			isa = XCBuildConfiguration;
			buildSettings = {
				ASSETCATALOG_COMPILER_APPICON_NAME = AppIcon;
				CLANG_ENABLE_OBJC_WEAK = YES;
				CODE_SIGN_ENTITLEMENTS = SendMoi/SendMoi.entitlements;
				"CODE_SIGN_ENTITLEMENTS[sdk=macosx*]" = "SendMoi/SendMoi-macOS.entitlements";
				CODE_SIGN_STYLE = Automatic;
				CURRENT_PROJECT_VERSION = 6;
				DEAD_CODE_STRIPPING = YES;
				DEVELOPMENT_TEAM = 289GY9L343;
				GENERATE_INFOPLIST_FILE = NO;
				INFOPLIST_FILE = SendMoi/Info.plist;
				IPHONEOS_DEPLOYMENT_TARGET = 18.0;
				LD_RUNPATH_SEARCH_PATHS = (
					"$(inherited)",
					"@executable_path/Frameworks",
				);
				MACOSX_DEPLOYMENT_TARGET = 26.0;
				MARKETING_VERSION = 0.3;
				PRODUCT_BUNDLE_IDENTIFIER = com.niederme.SendMoi;
				PRODUCT_NAME = "$(TARGET_NAME)";
				SUPPORTED_PLATFORMS = "iphoneos iphonesimulator macosx";
				SWIFT_EMIT_LOC_STRINGS = YES;
				SWIFT_VERSION = 5.0;
				TARGETED_DEVICE_FAMILY = "1,2";
			};
			name = Release;
		};
		A70000010000000000000005 /* Debug */ = {
			isa = XCBuildConfiguration;
			buildSettings = {
				APPLICATION_EXTENSION_API_ONLY = YES;
				CLANG_ENABLE_OBJC_WEAK = YES;
				CODE_SIGN_ENTITLEMENTS = SendMoiShare/SendMoiShare.entitlements;
				"CODE_SIGN_ENTITLEMENTS[sdk=macosx*]" = "SendMoiShare/SendMoiShare-macOS.entitlements";
				CODE_SIGN_STYLE = Automatic;
				CURRENT_PROJECT_VERSION = 6;
				DEVELOPMENT_TEAM = 289GY9L343;
				GENERATE_INFOPLIST_FILE = NO;
				INFOPLIST_FILE = SendMoiShare/Info.plist;
				IPHONEOS_DEPLOYMENT_TARGET = 18.0;
				LD_RUNPATH_SEARCH_PATHS = (
					"$(inherited)",
					"@executable_path/Frameworks",
					"@executable_path/../../Frameworks",
				);
				MACOSX_DEPLOYMENT_TARGET = 26.0;
				MARKETING_VERSION = 0.3;
				PRODUCT_BUNDLE_IDENTIFIER = com.niederme.SendMoi.ShareExtension;
				PRODUCT_NAME = "$(TARGET_NAME)";
				SKIP_INSTALL = YES;
				SUPPORTED_PLATFORMS = "iphoneos iphonesimulator macosx";
				SWIFT_EMIT_LOC_STRINGS = YES;
				SWIFT_VERSION = 5.0;
				TARGETED_DEVICE_FAMILY = "1,2";
			};
			name = Debug;
		};
		A70000010000000000000006 /* Release */ = {
			isa = XCBuildConfiguration;
			buildSettings = {
				APPLICATION_EXTENSION_API_ONLY = YES;
				CLANG_ENABLE_OBJC_WEAK = YES;
				CODE_SIGN_ENTITLEMENTS = SendMoiShare/SendMoiShare.entitlements;
				"CODE_SIGN_ENTITLEMENTS[sdk=macosx*]" = "SendMoiShare/SendMoiShare-macOS.entitlements";
				CODE_SIGN_STYLE = Automatic;
				CURRENT_PROJECT_VERSION = 6;
				DEVELOPMENT_TEAM = 289GY9L343;
				GENERATE_INFOPLIST_FILE = NO;
				INFOPLIST_FILE = SendMoiShare/Info.plist;
				IPHONEOS_DEPLOYMENT_TARGET = 18.0;
				LD_RUNPATH_SEARCH_PATHS = (
					"$(inherited)",
					"@executable_path/Frameworks",
					"@executable_path/../../Frameworks",
				);
				MACOSX_DEPLOYMENT_TARGET = 26.0;
				MARKETING_VERSION = 0.3;
				PRODUCT_BUNDLE_IDENTIFIER = com.niederme.SendMoi.ShareExtension;
				PRODUCT_NAME = "$(TARGET_NAME)";
				SKIP_INSTALL = YES;
				SUPPORTED_PLATFORMS = "iphoneos iphonesimulator macosx";
				SWIFT_EMIT_LOC_STRINGS = YES;
				SWIFT_VERSION = 5.0;
				TARGETED_DEVICE_FAMILY = "1,2";
			};
			name = Release;
		};
/* End XCBuildConfiguration section */

/* Begin XCConfigurationList section */
		A80000010000000000000001 /* Build configuration list for PBXProject "SendMoi" */ = {
			isa = XCConfigurationList;
			buildConfigurations = (
				A70000010000000000000001 /* Debug */,
				A70000010000000000000002 /* Release */,
			);
			defaultConfigurationIsVisible = 0;
			defaultConfigurationName = Release;
		};
		A80000010000000000000003 /* Build configuration list for PBXNativeTarget "SendMoi" */ = {
			isa = XCConfigurationList;
			buildConfigurations = (
				A70000010000000000000003 /* Debug */,
				A70000010000000000000004 /* Release */,
			);
			defaultConfigurationIsVisible = 0;
			defaultConfigurationName = Release;
		};
		B90000010000000000000001 /* Build configuration list for PBXNativeTarget "SendMoiShare" */ = {
			isa = XCConfigurationList;
			buildConfigurations = (
				A70000010000000000000005 /* Debug */,
				A70000010000000000000006 /* Release */,
			);
			defaultConfigurationIsVisible = 0;
			defaultConfigurationName = Release;
		};
/* End XCConfigurationList section */
	};
	rootObject = A60000010000000000000001 /* Project object */;
}
